
Microsoft Visual Studio Solution File, Format Version 12.00
# Visual Studio Version 16
VisualStudioVersion = 16.0.30011.22
MinimumVisualStudioVersion = 10.0.40219.1
Project("{FAE04EC0-301F-11D3-BF4B-00C04F79EFBC}") = "Test-App-1", "Test-App-1\Test-App-1.csproj", "{BD4ADC87-C870-4FDD-B18A-C4E2AB11B462}"
EndProject
Global
	GlobalSection(SolutionConfigurationPlatforms) = preSolution
		Debug|Any CPU = Debug|Any CPU
		Release|Any CPU = Release|Any CPU
	EndGlobalSection
	GlobalSection(ProjectConfigurationPlatforms) = postSolution
		{BD4ADC87-C870-4FDD-B18A-C4E2AB11B462}.Debug|Any CPU.ActiveCfg = Debug|Any CPU
		{BD4ADC87-C870-4FDD-B18A-C4E2AB11B462}.Debug|Any CPU.Build.0 = Debug|Any CPU
		{BD4ADC87-C870-4FDD-B18A-C4E2AB11B462}.Release|Any CPU.ActiveCfg = Release|Any CPU
		{BD4ADC87-C870-4FDD-B18A-C4E2AB11B462}.Release|Any CPU.Build.0 = Release|Any CPU
	EndGlobalSection
	GlobalSection(SolutionProperties) = preSolution
		HideSolutionNode = FALSE
	EndGlobalSection
	GlobalSection(ExtensibilityGlobals) = postSolution
		SolutionGuid = {AD3AC356-3831-4552-B773-E234640BFCC9}
	EndGlobalSection
EndGlobal
