
Microsoft Visual Studio Solution File, Format Version 12.00
# Visual Studio Version 16
VisualStudioVersion = 16.0.30503.244
MinimumVisualStudioVersion = 10.0.40219.1
Project("{FAE04EC0-301F-11D3-BF4B-00C04F79EFBC}") = "Stings_App", "Stings_App\Stings_App.csproj", "{BFDD44B0-0C2F-4839-B194-16F913C9FD38}"
EndProject
Global
	GlobalSection(SolutionConfigurationPlatforms) = preSolution
		Debug|Any CPU = Debug|Any CPU
		Release|Any CPU = Release|Any CPU
	EndGlobalSection
	GlobalSection(ProjectConfigurationPlatforms) = postSolution
		{BFDD44B0-0C2F-4839-B194-16F913C9FD38}.Debug|Any CPU.ActiveCfg = Debug|Any CPU
		{BFDD44B0-0C2F-4839-B194-16F913C9FD38}.Debug|Any CPU.Build.0 = Debug|Any CPU
		{BFDD44B0-0C2F-4839-B194-16F913C9FD38}.Release|Any CPU.ActiveCfg = Release|Any CPU
		{BFDD44B0-0C2F-4839-B194-16F913C9FD38}.Release|Any CPU.Build.0 = Release|Any CPU
	EndGlobalSection
	GlobalSection(SolutionProperties) = preSolution
		HideSolutionNode = FALSE
	EndGlobalSection
	GlobalSection(ExtensibilityGlobals) = postSolution
		SolutionGuid = {7D0C056B-395F-4B27-88A5-2A147A1B5194}
	EndGlobalSection
EndGlobal
