
Microsoft Visual Studio Solution File, Format Version 12.00
# Visual Studio Version 16
VisualStudioVersion = 16.0.30503.244
MinimumVisualStudioVersion = 10.0.40219.1
Project("{FAE04EC0-301F-11D3-BF4B-00C04F79EFBC}") = "Switch_Statment", "Switch_Statment\Switch_Statment.csproj", "{0D65643C-314B-4C31-BDBA-64D344395DD1}"
EndProject
Global
	GlobalSection(SolutionConfigurationPlatforms) = preSolution
		Debug|Any CPU = Debug|Any CPU
		Release|Any CPU = Release|Any CPU
	EndGlobalSection
	GlobalSection(ProjectConfigurationPlatforms) = postSolution
		{0D65643C-314B-4C31-BDBA-64D344395DD1}.Debug|Any CPU.ActiveCfg = Debug|Any CPU
		{0D65643C-314B-4C31-BDBA-64D344395DD1}.Debug|Any CPU.Build.0 = Debug|Any CPU
		{0D65643C-314B-4C31-BDBA-64D344395DD1}.Release|Any CPU.ActiveCfg = Release|Any CPU
		{0D65643C-314B-4C31-BDBA-64D344395DD1}.Release|Any CPU.Build.0 = Release|Any CPU
	EndGlobalSection
	GlobalSection(SolutionProperties) = preSolution
		HideSolutionNode = FALSE
	EndGlobalSection
	GlobalSection(ExtensibilityGlobals) = postSolution
		SolutionGuid = {61F169D9-E4C6-4070-B018-566E8155E759}
	EndGlobalSection
EndGlobal
